
Microsoft Visual Studio Solution File, Format Version 12.00
# Visual Studio 15
VisualStudioVersion = 15.0.28307.645
MinimumVisualStudioVersion = 10.0.40219.1
Project("{FAE04EC0-301F-11D3-BF4B-00C04F79EFBC}") = "captcha 2way", "captcha 2way\captcha 2way.csproj", "{1E512000-032C-4810-BE2E-719264494F0F}"
EndProject
Global
	GlobalSection(SolutionConfigurationPlatforms) = preSolution
		Debug|Any CPU = Debug|Any CPU
		Release|Any CPU = Release|Any CPU
	EndGlobalSection
	GlobalSection(ProjectConfigurationPlatforms) = postSolution
		{1E512000-032C-4810-BE2E-719264494F0F}.Debug|Any CPU.ActiveCfg = Debug|Any CPU
		{1E512000-032C-4810-BE2E-719264494F0F}.Debug|Any CPU.Build.0 = Debug|Any CPU
		{1E512000-032C-4810-BE2E-719264494F0F}.Release|Any CPU.ActiveCfg = Release|Any CPU
		{1E512000-032C-4810-BE2E-719264494F0F}.Release|Any CPU.Build.0 = Release|Any CPU
	EndGlobalSection
	GlobalSection(SolutionProperties) = preSolution
		HideSolutionNode = FALSE
	EndGlobalSection
	GlobalSection(ExtensibilityGlobals) = postSolution
		SolutionGuid = {4CF958B8-94A3-401B-B1CD-3F2F5E007EBB}
	EndGlobalSection
EndGlobal
