
Microsoft Visual Studio Solution File, Format Version 12.00
# Visual Studio 15
VisualStudioVersion = 15.0.28307.645
MinimumVisualStudioVersion = 10.0.40219.1
Project("{FAE04EC0-301F-11D3-BF4B-00C04F79EFBC}") = "abstraction", "abstraction\abstraction.csproj", "{8A1B745B-9A5F-4527-827D-E10D6A8CB039}"
EndProject
Global
	GlobalSection(SolutionConfigurationPlatforms) = preSolution
		Debug|Any CPU = Debug|Any CPU
		Release|Any CPU = Release|Any CPU
	EndGlobalSection
	GlobalSection(ProjectConfigurationPlatforms) = postSolution
		{8A1B745B-9A5F-4527-827D-E10D6A8CB039}.Debug|Any CPU.ActiveCfg = Debug|Any CPU
		{8A1B745B-9A5F-4527-827D-E10D6A8CB039}.Debug|Any CPU.Build.0 = Debug|Any CPU
		{8A1B745B-9A5F-4527-827D-E10D6A8CB039}.Release|Any CPU.ActiveCfg = Release|Any CPU
		{8A1B745B-9A5F-4527-827D-E10D6A8CB039}.Release|Any CPU.Build.0 = Release|Any CPU
	EndGlobalSection
	GlobalSection(SolutionProperties) = preSolution
		HideSolutionNode = FALSE
	EndGlobalSection
	GlobalSection(ExtensibilityGlobals) = postSolution
		SolutionGuid = {5C1CEEB9-CC61-46D8-B40C-4F3FDC9895A5}
	EndGlobalSection
EndGlobal
